
Microsoft Visual Studio Solution File, Format Version 11.00
# Visual Studio 2010
Project("{8BC9CEB8-8B4A-11D0-8D11-00A0C91BC942}") = "ZXLauncherVC", "ZXLauncherVC.vcxproj", "{EE6F0A29-0EB1-4B2C-9966-CF9349283907}"
EndProject
Global
	GlobalSection(SolutionConfigurationPlatforms) = preSolution
		Debug|Win32 = Debug|Win32
		Release|Win32 = Release|Win32
	EndGlobalSection
	GlobalSection(ProjectConfigurationPlatforms) = postSolution
		{EE6F0A29-0EB1-4B2C-9966-CF9349283907}.Debug|Win32.ActiveCfg = Debug|Win32
		{EE6F0A29-0EB1-4B2C-9966-CF9349283907}.Debug|Win32.Build.0 = Debug|Win32
		{EE6F0A29-0EB1-4B2C-9966-CF9349283907}.Release|Win32.ActiveCfg = Release|Win32
		{EE6F0A29-0EB1-4B2C-9966-CF9349283907}.Release|Win32.Build.0 = Release|Win32
	EndGlobalSection
	GlobalSection(SolutionProperties) = preSolution
		HideSolutionNode = FALSE
	EndGlobalSection
EndGlobal
